
Microsoft Visual Studio Solution File, Format Version 12.00
# Visual Studio 15
VisualStudioVersion = 15.0.26228.9
MinimumVisualStudioVersion = 10.0.40219.1
Project("{FAE04EC0-301F-11D3-BF4B-00C04F79EFBC}") = "DigitalEM", "DigitalEM\DigitalEM.csproj", "{662EBD70-50E2-45B7-93EA-8073DD31BBB1}"
EndProject
Project("{FAE04EC0-301F-11D3-BF4B-00C04F79EFBC}") = "fdtd", "fdtd\fdtd.csproj", "{FB231F01-B61E-44B7-B2CA-8AF9E36AEB3B}"
EndProject
Project("{2150E333-8FDC-42A3-9474-1A3956D46DE8}") = "Service", "Service", "{6DE9E450-B0B0-4D2E-B935-D59C731E6794}"
EndProject
Project("{FAE04EC0-301F-11D3-BF4B-00C04F79EFBC}") = "MathService", "..\..\..\..\Библиотеки\MathService.Net\MathService\MathService.csproj", "{59837643-6C2E-47D4-8231-986D8C691D27}"
EndProject
Project("{FAE04EC0-301F-11D3-BF4B-00C04F79EFBC}") = "WPFExtentions", "..\..\..\..\Библиотеки\MathService.Net\WPF\WPFExtentions\WPFExtentions.csproj", "{4FA84DFB-FE52-443D-BCD5-BE295D7029AE}"
EndProject
Project("{FAE04EC0-301F-11D3-BF4B-00C04F79EFBC}") = "fdtd_Tests", "fdtd_Tests\fdtd_Tests.csproj", "{7486BEED-30B1-4690-A704-F422C467E116}"
EndProject
Project("{FAE04EC0-301F-11D3-BF4B-00C04F79EFBC}") = "Polygon", "Polygon\Polygon.csproj", "{F8616816-4EC2-4694-97D5-375DC46AD9FA}"
EndProject
Global
	GlobalSection(SolutionConfigurationPlatforms) = preSolution
		Debug|Any CPU = Debug|Any CPU
		Debug|x64 = Debug|x64
		Debug|x86 = Debug|x86
		Release|Any CPU = Release|Any CPU
		Release|x64 = Release|x64
		Release|x86 = Release|x86
	EndGlobalSection
	GlobalSection(ProjectConfigurationPlatforms) = postSolution
		{662EBD70-50E2-45B7-93EA-8073DD31BBB1}.Debug|Any CPU.ActiveCfg = Debug|Any CPU
		{662EBD70-50E2-45B7-93EA-8073DD31BBB1}.Debug|Any CPU.Build.0 = Debug|Any CPU
		{662EBD70-50E2-45B7-93EA-8073DD31BBB1}.Debug|x64.ActiveCfg = Debug|Any CPU
		{662EBD70-50E2-45B7-93EA-8073DD31BBB1}.Debug|x64.Build.0 = Debug|Any CPU
		{662EBD70-50E2-45B7-93EA-8073DD31BBB1}.Debug|x86.ActiveCfg = Debug|Any CPU
		{662EBD70-50E2-45B7-93EA-8073DD31BBB1}.Debug|x86.Build.0 = Debug|Any CPU
		{662EBD70-50E2-45B7-93EA-8073DD31BBB1}.Release|Any CPU.ActiveCfg = Release|Any CPU
		{662EBD70-50E2-45B7-93EA-8073DD31BBB1}.Release|Any CPU.Build.0 = Release|Any CPU
		{662EBD70-50E2-45B7-93EA-8073DD31BBB1}.Release|x64.ActiveCfg = Release|Any CPU
		{662EBD70-50E2-45B7-93EA-8073DD31BBB1}.Release|x64.Build.0 = Release|Any CPU
		{662EBD70-50E2-45B7-93EA-8073DD31BBB1}.Release|x86.ActiveCfg = Release|Any CPU
		{662EBD70-50E2-45B7-93EA-8073DD31BBB1}.Release|x86.Build.0 = Release|Any CPU
		{FB231F01-B61E-44B7-B2CA-8AF9E36AEB3B}.Debug|Any CPU.ActiveCfg = Debug|Any CPU
		{FB231F01-B61E-44B7-B2CA-8AF9E36AEB3B}.Debug|Any CPU.Build.0 = Debug|Any CPU
		{FB231F01-B61E-44B7-B2CA-8AF9E36AEB3B}.Debug|x64.ActiveCfg = Debug|Any CPU
		{FB231F01-B61E-44B7-B2CA-8AF9E36AEB3B}.Debug|x64.Build.0 = Debug|Any CPU
		{FB231F01-B61E-44B7-B2CA-8AF9E36AEB3B}.Debug|x86.ActiveCfg = Debug|Any CPU
		{FB231F01-B61E-44B7-B2CA-8AF9E36AEB3B}.Debug|x86.Build.0 = Debug|Any CPU
		{FB231F01-B61E-44B7-B2CA-8AF9E36AEB3B}.Release|Any CPU.ActiveCfg = Release|Any CPU
		{FB231F01-B61E-44B7-B2CA-8AF9E36AEB3B}.Release|Any CPU.Build.0 = Release|Any CPU
		{FB231F01-B61E-44B7-B2CA-8AF9E36AEB3B}.Release|x64.ActiveCfg = Release|Any CPU
		{FB231F01-B61E-44B7-B2CA-8AF9E36AEB3B}.Release|x64.Build.0 = Release|Any CPU
		{FB231F01-B61E-44B7-B2CA-8AF9E36AEB3B}.Release|x86.ActiveCfg = Release|Any CPU
		{FB231F01-B61E-44B7-B2CA-8AF9E36AEB3B}.Release|x86.Build.0 = Release|Any CPU
		{59837643-6C2E-47D4-8231-986D8C691D27}.Debug|Any CPU.ActiveCfg = Debug|Any CPU
		{59837643-6C2E-47D4-8231-986D8C691D27}.Debug|Any CPU.Build.0 = Debug|Any CPU
		{59837643-6C2E-47D4-8231-986D8C691D27}.Debug|x64.ActiveCfg = Debug|x64
		{59837643-6C2E-47D4-8231-986D8C691D27}.Debug|x64.Build.0 = Debug|x64
		{59837643-6C2E-47D4-8231-986D8C691D27}.Debug|x86.ActiveCfg = Debug|x86
		{59837643-6C2E-47D4-8231-986D8C691D27}.Debug|x86.Build.0 = Debug|x86
		{59837643-6C2E-47D4-8231-986D8C691D27}.Release|Any CPU.ActiveCfg = Release|Any CPU
		{59837643-6C2E-47D4-8231-986D8C691D27}.Release|Any CPU.Build.0 = Release|Any CPU
		{59837643-6C2E-47D4-8231-986D8C691D27}.Release|x64.ActiveCfg = Release|x64
		{59837643-6C2E-47D4-8231-986D8C691D27}.Release|x64.Build.0 = Release|x64
		{59837643-6C2E-47D4-8231-986D8C691D27}.Release|x86.ActiveCfg = Release|x86
		{59837643-6C2E-47D4-8231-986D8C691D27}.Release|x86.Build.0 = Release|x86
		{4FA84DFB-FE52-443D-BCD5-BE295D7029AE}.Debug|Any CPU.ActiveCfg = Debug|Any CPU
		{4FA84DFB-FE52-443D-BCD5-BE295D7029AE}.Debug|Any CPU.Build.0 = Debug|Any CPU
		{4FA84DFB-FE52-443D-BCD5-BE295D7029AE}.Debug|x64.ActiveCfg = Debug|Any CPU
		{4FA84DFB-FE52-443D-BCD5-BE295D7029AE}.Debug|x64.Build.0 = Debug|Any CPU
		{4FA84DFB-FE52-443D-BCD5-BE295D7029AE}.Debug|x86.ActiveCfg = Debug|Any CPU
		{4FA84DFB-FE52-443D-BCD5-BE295D7029AE}.Debug|x86.Build.0 = Debug|Any CPU
		{4FA84DFB-FE52-443D-BCD5-BE295D7029AE}.Release|Any CPU.ActiveCfg = Release|Any CPU
		{4FA84DFB-FE52-443D-BCD5-BE295D7029AE}.Release|Any CPU.Build.0 = Release|Any CPU
		{4FA84DFB-FE52-443D-BCD5-BE295D7029AE}.Release|x64.ActiveCfg = Release|Any CPU
		{4FA84DFB-FE52-443D-BCD5-BE295D7029AE}.Release|x64.Build.0 = Release|Any CPU
		{4FA84DFB-FE52-443D-BCD5-BE295D7029AE}.Release|x86.ActiveCfg = Release|Any CPU
		{4FA84DFB-FE52-443D-BCD5-BE295D7029AE}.Release|x86.Build.0 = Release|Any CPU
		{7486BEED-30B1-4690-A704-F422C467E116}.Debug|Any CPU.ActiveCfg = Debug|Any CPU
		{7486BEED-30B1-4690-A704-F422C467E116}.Debug|Any CPU.Build.0 = Debug|Any CPU
		{7486BEED-30B1-4690-A704-F422C467E116}.Debug|x64.ActiveCfg = Debug|Any CPU
		{7486BEED-30B1-4690-A704-F422C467E116}.Debug|x64.Build.0 = Debug|Any CPU
		{7486BEED-30B1-4690-A704-F422C467E116}.Debug|x86.ActiveCfg = Debug|Any CPU
		{7486BEED-30B1-4690-A704-F422C467E116}.Debug|x86.Build.0 = Debug|Any CPU
		{7486BEED-30B1-4690-A704-F422C467E116}.Release|Any CPU.ActiveCfg = Release|Any CPU
		{7486BEED-30B1-4690-A704-F422C467E116}.Release|Any CPU.Build.0 = Release|Any CPU
		{7486BEED-30B1-4690-A704-F422C467E116}.Release|x64.ActiveCfg = Release|Any CPU
		{7486BEED-30B1-4690-A704-F422C467E116}.Release|x64.Build.0 = Release|Any CPU
		{7486BEED-30B1-4690-A704-F422C467E116}.Release|x86.ActiveCfg = Release|Any CPU
		{7486BEED-30B1-4690-A704-F422C467E116}.Release|x86.Build.0 = Release|Any CPU
		{F8616816-4EC2-4694-97D5-375DC46AD9FA}.Debug|Any CPU.ActiveCfg = Debug|Any CPU
		{F8616816-4EC2-4694-97D5-375DC46AD9FA}.Debug|Any CPU.Build.0 = Debug|Any CPU
		{F8616816-4EC2-4694-97D5-375DC46AD9FA}.Debug|x64.ActiveCfg = Debug|Any CPU
		{F8616816-4EC2-4694-97D5-375DC46AD9FA}.Debug|x64.Build.0 = Debug|Any CPU
		{F8616816-4EC2-4694-97D5-375DC46AD9FA}.Debug|x86.ActiveCfg = Debug|Any CPU
		{F8616816-4EC2-4694-97D5-375DC46AD9FA}.Debug|x86.Build.0 = Debug|Any CPU
		{F8616816-4EC2-4694-97D5-375DC46AD9FA}.Release|Any CPU.ActiveCfg = Release|Any CPU
		{F8616816-4EC2-4694-97D5-375DC46AD9FA}.Release|Any CPU.Build.0 = Release|Any CPU
		{F8616816-4EC2-4694-97D5-375DC46AD9FA}.Release|x64.ActiveCfg = Release|Any CPU
		{F8616816-4EC2-4694-97D5-375DC46AD9FA}.Release|x64.Build.0 = Release|Any CPU
		{F8616816-4EC2-4694-97D5-375DC46AD9FA}.Release|x86.ActiveCfg = Release|Any CPU
		{F8616816-4EC2-4694-97D5-375DC46AD9FA}.Release|x86.Build.0 = Release|Any CPU
	EndGlobalSection
	GlobalSection(SolutionProperties) = preSolution
		HideSolutionNode = FALSE
	EndGlobalSection
	GlobalSection(NestedProjects) = preSolution
		{59837643-6C2E-47D4-8231-986D8C691D27} = {6DE9E450-B0B0-4D2E-B935-D59C731E6794}
		{4FA84DFB-FE52-443D-BCD5-BE295D7029AE} = {6DE9E450-B0B0-4D2E-B935-D59C731E6794}
		{7486BEED-30B1-4690-A704-F422C467E116} = {6DE9E450-B0B0-4D2E-B935-D59C731E6794}
		{F8616816-4EC2-4694-97D5-375DC46AD9FA} = {6DE9E450-B0B0-4D2E-B935-D59C731E6794}
	EndGlobalSection
EndGlobal
